
Microsoft Visual Studio Solution File, Format Version 12.00
# Visual Studio Version 17
VisualStudioVersion = 17.5.002.0
MinimumVisualStudioVersion = 10.0.40219.1
Project("{9A19103F-16F7-4668-BE54-9A1E7A4F7556}") = "ClimateStory", "ClimateStory\ClimateStory.csproj", "{4954FB22-8C22-4C5C-9AFE-01703D8E38B2}"
EndProject
Global
	GlobalSection(SolutionConfigurationPlatforms) = preSolution
		Debug|Any CPU = Debug|Any CPU
		Release|Any CPU = Release|Any CPU
	EndGlobalSection
	GlobalSection(ProjectConfigurationPlatforms) = postSolution
		{4954FB22-8C22-4C5C-9AFE-01703D8E38B2}.Debug|Any CPU.ActiveCfg = Debug|Any CPU
		{4954FB22-8C22-4C5C-9AFE-01703D8E38B2}.Debug|Any CPU.Build.0 = Debug|Any CPU
		{4954FB22-8C22-4C5C-9AFE-01703D8E38B2}.Release|Any CPU.ActiveCfg = Release|Any CPU
		{4954FB22-8C22-4C5C-9AFE-01703D8E38B2}.Release|Any CPU.Build.0 = Release|Any CPU
	EndGlobalSection
	GlobalSection(SolutionProperties) = preSolution
		HideSolutionNode = FALSE
	EndGlobalSection
	GlobalSection(ExtensibilityGlobals) = postSolution
		SolutionGuid = {5C2EDC86-598E-44F7-B797-6A63C4BC75EE}
	EndGlobalSection
EndGlobal
